# This file is automatically @generated by Cargo.
# It is not intended for manual editing.
version = 3

[[package]]
name = "extract"
version = "0.1.0"

[[package]]
name = "ff7-viewer"
version = "0.1.0"
dependencies = [
 "extract",
 "gfx",
 "math",
]

[[package]]
name = "gfx"
version = "0.1.0"

[[package]]
name = "math"
version = "0.1.0"
